
Microsoft Visual Studio Solution File, Format Version 12.00
# Visual Studio Version 17
VisualStudioVersion = 17.5.002.0
MinimumVisualStudioVersion = 10.0.40219.1
Project("{9A19103F-16F7-4668-BE54-9A1E7A4F7556}") = "Task1", "Task1.csproj", "{5CEF172F-40CD-4FB6-939A-8BCF78CC85AD}"
EndProject
Global
	GlobalSection(SolutionConfigurationPlatforms) = preSolution
		Debug|Any CPU = Debug|Any CPU
		Release|Any CPU = Release|Any CPU
	EndGlobalSection
	GlobalSection(ProjectConfigurationPlatforms) = postSolution
		{5CEF172F-40CD-4FB6-939A-8BCF78CC85AD}.Debug|Any CPU.ActiveCfg = Debug|Any CPU
		{5CEF172F-40CD-4FB6-939A-8BCF78CC85AD}.Debug|Any CPU.Build.0 = Debug|Any CPU
		{5CEF172F-40CD-4FB6-939A-8BCF78CC85AD}.Release|Any CPU.ActiveCfg = Release|Any CPU
		{5CEF172F-40CD-4FB6-939A-8BCF78CC85AD}.Release|Any CPU.Build.0 = Release|Any CPU
	EndGlobalSection
	GlobalSection(SolutionProperties) = preSolution
		HideSolutionNode = FALSE
	EndGlobalSection
	GlobalSection(ExtensibilityGlobals) = postSolution
		SolutionGuid = {2BF664B0-3EC0-4D43-8E5B-C0F8591F86A1}
	EndGlobalSection
EndGlobal
